
Microsoft Visual Studio Solution File, Format Version 12.00
# Visual Studio Version 17
VisualStudioVersion = 17.12.35527.113 d17.12
MinimumVisualStudioVersion = 10.0.40219.1
Project("{FAE04EC0-301F-11D3-BF4B-00C04F79EFBC}") = "Assignment2_ADEV3009", "Assignment2_ADEV3009.csproj", "{B6E70D67-E62E-43E3-82E5-36BC53D7EC6D}"
EndProject
Global
	GlobalSection(SolutionConfigurationPlatforms) = preSolution
		Debug|Any CPU = Debug|Any CPU
		Release|Any CPU = Release|Any CPU
	EndGlobalSection
	GlobalSection(ProjectConfigurationPlatforms) = postSolution
		{B6E70D67-E62E-43E3-82E5-36BC53D7EC6D}.Debug|Any CPU.ActiveCfg = Debug|Any CPU
		{B6E70D67-E62E-43E3-82E5-36BC53D7EC6D}.Debug|Any CPU.Build.0 = Debug|Any CPU
		{B6E70D67-E62E-43E3-82E5-36BC53D7EC6D}.Release|Any CPU.ActiveCfg = Release|Any CPU
		{B6E70D67-E62E-43E3-82E5-36BC53D7EC6D}.Release|Any CPU.Build.0 = Release|Any CPU
	EndGlobalSection
	GlobalSection(SolutionProperties) = preSolution
		HideSolutionNode = FALSE
	EndGlobalSection
EndGlobal
